
Microsoft Visual Studio Solution File, Format Version 12.00
# Visual Studio Version 17
VisualStudioVersion = 17.9.34616.47
MinimumVisualStudioVersion = 10.0.40219.1
Project("{FAE04EC0-301F-11D3-BF4B-00C04F79EFBC}") = "PruebaTecnicaAlmarchivos", "PruebaTecnicaAlmarchivos.csproj", "{F3A24095-ED81-4412-B4F5-6AE8C4DC6912}"
EndProject
Global
	GlobalSection(SolutionConfigurationPlatforms) = preSolution
		Debug|Any CPU = Debug|Any CPU
		Release|Any CPU = Release|Any CPU
	EndGlobalSection
	GlobalSection(ProjectConfigurationPlatforms) = postSolution
		{F3A24095-ED81-4412-B4F5-6AE8C4DC6912}.Debug|Any CPU.ActiveCfg = Debug|Any CPU
		{F3A24095-ED81-4412-B4F5-6AE8C4DC6912}.Debug|Any CPU.Build.0 = Debug|Any CPU
		{F3A24095-ED81-4412-B4F5-6AE8C4DC6912}.Release|Any CPU.ActiveCfg = Release|Any CPU
		{F3A24095-ED81-4412-B4F5-6AE8C4DC6912}.Release|Any CPU.Build.0 = Release|Any CPU
	EndGlobalSection
	GlobalSection(SolutionProperties) = preSolution
		HideSolutionNode = FALSE
	EndGlobalSection
	GlobalSection(ExtensibilityGlobals) = postSolution
		SolutionGuid = {BF48A6AE-8461-4C94-AA5E-04A39D298100}
	EndGlobalSection
EndGlobal
